
Microsoft Visual Studio Solution File, Format Version 12.00
# Visual Studio Version 16
VisualStudioVersion = 16.0.29806.167
MinimumVisualStudioVersion = 10.0.40219.1
Project("{2150E333-8FDC-42A3-9474-1A3956D46DE8}") = ".assets", ".assets", "{7C8B148F-D9DF-4838-AA00-E267C3A9172A}"
	ProjectSection(SolutionItems) = preProject
		.gitignore = .gitignore
		BUILDING.md = BUILDING.md
		Directory.Build.props = Directory.Build.props
		license.md = license.md
		README.md = README.md
	EndProjectSection
EndProject
Project("{2150E333-8FDC-42A3-9474-1A3956D46DE8}") = "docs", "docs", "{58941425-BFC3-4DC9-8A6C-EDD42B8A9FDB}"
	ProjectSection(SolutionItems) = preProject
		docs\ClassDiagram.png = docs\ClassDiagram.png
		docs\README.md = docs\README.md
	EndProjectSection
EndProject
Project("{2150E333-8FDC-42A3-9474-1A3956D46DE8}") = "src", "src", "{F1F7AC76-9E13-4D8B-93E8-6AD4DAAF599C}"
EndProject
Project("{2150E333-8FDC-42A3-9474-1A3956D46DE8}") = "tests", "tests", "{52ADFB30-284E-4673-87BC-30FBCA144471}"
EndProject
Project("{2150E333-8FDC-42A3-9474-1A3956D46DE8}") = "samples", "samples", "{3A82FA65-EE92-400B-B002-64AE2B8A91DF}"
EndProject
Project("{9A19103F-16F7-4668-BE54-9A1E7A4F7556}") = "MonitoredUndo", "src\MonitoredUndo\MonitoredUndo.csproj", "{FF127A9A-BACB-4BC3-99DE-9F80275A06D4}"
EndProject
Project("{9A19103F-16F7-4668-BE54-9A1E7A4F7556}") = "MonitoredUndo.Tests", "tests\MonitoredUndo.Tests\MonitoredUndo.Tests.csproj", "{876B42D2-67E8-45B5-886C-9AB8C75E76C4}"
EndProject
Project("{FAE04EC0-301F-11D3-BF4B-00C04F79EFBC}") = "WpfUndoSample", "samples\WpfUndoSample\WpfUndoSample.csproj", "{5AF2EE5C-BE23-49A6-A850-FE04BB0DAF6D}"
EndProject
Project("{9A19103F-16F7-4668-BE54-9A1E7A4F7556}") = "WpfUndoSampleMVVM.Core", "samples\WpfUndoSampleMVVM.Core\WpfUndoSampleMVVM.Core.csproj", "{0AFB4172-7839-419B-A434-E77E87071853}"
EndProject
Global
	GlobalSection(SolutionConfigurationPlatforms) = preSolution
		Debug|Any CPU = Debug|Any CPU
		Debug|Mixed Platforms = Debug|Mixed Platforms
		Debug|x86 = Debug|x86
		Release|Any CPU = Release|Any CPU
		Release|Mixed Platforms = Release|Mixed Platforms
		Release|x86 = Release|x86
	EndGlobalSection
	GlobalSection(ProjectConfigurationPlatforms) = postSolution
		{FF127A9A-BACB-4BC3-99DE-9F80275A06D4}.Debug|Any CPU.ActiveCfg = Debug|Any CPU
		{FF127A9A-BACB-4BC3-99DE-9F80275A06D4}.Debug|Any CPU.Build.0 = Debug|Any CPU
		{FF127A9A-BACB-4BC3-99DE-9F80275A06D4}.Debug|Mixed Platforms.ActiveCfg = Debug|Any CPU
		{FF127A9A-BACB-4BC3-99DE-9F80275A06D4}.Debug|Mixed Platforms.Build.0 = Debug|Any CPU
		{FF127A9A-BACB-4BC3-99DE-9F80275A06D4}.Debug|x86.ActiveCfg = Debug|Any CPU
		{FF127A9A-BACB-4BC3-99DE-9F80275A06D4}.Release|Any CPU.ActiveCfg = Release|Any CPU
		{FF127A9A-BACB-4BC3-99DE-9F80275A06D4}.Release|Any CPU.Build.0 = Release|Any CPU
		{FF127A9A-BACB-4BC3-99DE-9F80275A06D4}.Release|Mixed Platforms.ActiveCfg = Release|Any CPU
		{FF127A9A-BACB-4BC3-99DE-9F80275A06D4}.Release|Mixed Platforms.Build.0 = Release|Any CPU
		{FF127A9A-BACB-4BC3-99DE-9F80275A06D4}.Release|x86.ActiveCfg = Release|Any CPU
		{876B42D2-67E8-45B5-886C-9AB8C75E76C4}.Debug|Any CPU.ActiveCfg = Debug|Any CPU
		{876B42D2-67E8-45B5-886C-9AB8C75E76C4}.Debug|Any CPU.Build.0 = Debug|Any CPU
		{876B42D2-67E8-45B5-886C-9AB8C75E76C4}.Debug|Mixed Platforms.ActiveCfg = Debug|Any CPU
		{876B42D2-67E8-45B5-886C-9AB8C75E76C4}.Debug|Mixed Platforms.Build.0 = Debug|Any CPU
		{876B42D2-67E8-45B5-886C-9AB8C75E76C4}.Debug|x86.ActiveCfg = Debug|Any CPU
		{876B42D2-67E8-45B5-886C-9AB8C75E76C4}.Release|Any CPU.ActiveCfg = Release|Any CPU
		{876B42D2-67E8-45B5-886C-9AB8C75E76C4}.Release|Any CPU.Build.0 = Release|Any CPU
		{876B42D2-67E8-45B5-886C-9AB8C75E76C4}.Release|Mixed Platforms.ActiveCfg = Release|Any CPU
		{876B42D2-67E8-45B5-886C-9AB8C75E76C4}.Release|Mixed Platforms.Build.0 = Release|Any CPU
		{876B42D2-67E8-45B5-886C-9AB8C75E76C4}.Release|x86.ActiveCfg = Release|Any CPU
		{5AF2EE5C-BE23-49A6-A850-FE04BB0DAF6D}.Debug|Any CPU.ActiveCfg = Debug|Any CPU
		{5AF2EE5C-BE23-49A6-A850-FE04BB0DAF6D}.Debug|Any CPU.Build.0 = Debug|Any CPU
		{5AF2EE5C-BE23-49A6-A850-FE04BB0DAF6D}.Debug|Mixed Platforms.ActiveCfg = Debug|x86
		{5AF2EE5C-BE23-49A6-A850-FE04BB0DAF6D}.Debug|Mixed Platforms.Build.0 = Debug|x86
		{5AF2EE5C-BE23-49A6-A850-FE04BB0DAF6D}.Debug|x86.ActiveCfg = Debug|x86
		{5AF2EE5C-BE23-49A6-A850-FE04BB0DAF6D}.Debug|x86.Build.0 = Debug|x86
		{5AF2EE5C-BE23-49A6-A850-FE04BB0DAF6D}.Release|Any CPU.ActiveCfg = Release|x86
		{5AF2EE5C-BE23-49A6-A850-FE04BB0DAF6D}.Release|Mixed Platforms.ActiveCfg = Release|x86
		{5AF2EE5C-BE23-49A6-A850-FE04BB0DAF6D}.Release|Mixed Platforms.Build.0 = Release|x86
		{5AF2EE5C-BE23-49A6-A850-FE04BB0DAF6D}.Release|x86.ActiveCfg = Release|x86
		{5AF2EE5C-BE23-49A6-A850-FE04BB0DAF6D}.Release|x86.Build.0 = Release|x86
		{0AFB4172-7839-419B-A434-E77E87071853}.Debug|Any CPU.ActiveCfg = Debug|Any CPU
		{0AFB4172-7839-419B-A434-E77E87071853}.Debug|Any CPU.Build.0 = Debug|Any CPU
		{0AFB4172-7839-419B-A434-E77E87071853}.Debug|Mixed Platforms.ActiveCfg = Debug|Any CPU
		{0AFB4172-7839-419B-A434-E77E87071853}.Debug|Mixed Platforms.Build.0 = Debug|Any CPU
		{0AFB4172-7839-419B-A434-E77E87071853}.Debug|x86.ActiveCfg = Debug|Any CPU
		{0AFB4172-7839-419B-A434-E77E87071853}.Debug|x86.Build.0 = Debug|Any CPU
		{0AFB4172-7839-419B-A434-E77E87071853}.Release|Any CPU.ActiveCfg = Release|Any CPU
		{0AFB4172-7839-419B-A434-E77E87071853}.Release|Any CPU.Build.0 = Release|Any CPU
		{0AFB4172-7839-419B-A434-E77E87071853}.Release|Mixed Platforms.ActiveCfg = Release|Any CPU
		{0AFB4172-7839-419B-A434-E77E87071853}.Release|Mixed Platforms.Build.0 = Release|Any CPU
		{0AFB4172-7839-419B-A434-E77E87071853}.Release|x86.ActiveCfg = Release|Any CPU
		{0AFB4172-7839-419B-A434-E77E87071853}.Release|x86.Build.0 = Release|Any CPU
	EndGlobalSection
	GlobalSection(SolutionProperties) = preSolution
		HideSolutionNode = FALSE
	EndGlobalSection
	GlobalSection(NestedProjects) = preSolution
		{FF127A9A-BACB-4BC3-99DE-9F80275A06D4} = {F1F7AC76-9E13-4D8B-93E8-6AD4DAAF599C}
		{876B42D2-67E8-45B5-886C-9AB8C75E76C4} = {52ADFB30-284E-4673-87BC-30FBCA144471}
		{5AF2EE5C-BE23-49A6-A850-FE04BB0DAF6D} = {3A82FA65-EE92-400B-B002-64AE2B8A91DF}
		{0AFB4172-7839-419B-A434-E77E87071853} = {3A82FA65-EE92-400B-B002-64AE2B8A91DF}
	EndGlobalSection
	GlobalSection(ExtensibilityGlobals) = postSolution
		SolutionGuid = {E2B57A17-7A82-4907-91F3-69A1CAF1EA7E}
	EndGlobalSection
	GlobalSection(TestCaseManagementSettings) = postSolution
		CategoryFile = Monitored Undo Framework.vsmdi
	EndGlobalSection
EndGlobal
