
Microsoft Visual Studio Solution File, Format Version 11.00
# Visual Studio 2010
Project("{FAE04EC0-301F-11D3-BF4B-00C04F79EFBC}") = "MonitoredUndo", "MonitoredUndo\MonitoredUndo.csproj", "{FF127A9A-BACB-4BC3-99DE-9F80275A06D4}"
EndProject
Project("{FAE04EC0-301F-11D3-BF4B-00C04F79EFBC}") = "MonitoredUndoTests", "MonitoredUndoTests\MonitoredUndoTests.csproj", "{876B42D2-67E8-45B5-886C-9AB8C75E76C4}"
EndProject
Project("{2150E333-8FDC-42A3-9474-1A3956D46DE8}") = "Solution Items", "Solution Items", "{7C8B148F-D9DF-4838-AA00-E267C3A9172A}"
	ProjectSection(SolutionItems) = preProject
		BuildAll.cmd = BuildAll.cmd
		Local.testsettings = Local.testsettings
		Monitored Undo Framework.vsmdi = Monitored Undo Framework.vsmdi
	EndProjectSection
EndProject
Project("{FAE04EC0-301F-11D3-BF4B-00C04F79EFBC}") = "WpfUndoSample", "WpfUndoSample\WpfUndoSample.csproj", "{5AF2EE5C-BE23-49A6-A850-FE04BB0DAF6D}"
EndProject
Global
	GlobalSection(TeamFoundationVersionControl) = preSolution
		SccNumberOfProjects = 4
		SccEnterpriseProvider = {4CA58AB2-18FA-4F8D-95D4-32DDF27D184C}
		SccTeamFoundationServer = https://tfs.codeplex.com/tfs/tfs19
		SccLocalPath0 = .
		SccProjectUniqueName1 = MonitoredUndo\\MonitoredUndo.csproj
		SccProjectName1 = MonitoredUndo
		SccLocalPath1 = MonitoredUndo
		SccProjectUniqueName2 = MonitoredUndoTests\\MonitoredUndoTests.csproj
		SccProjectName2 = MonitoredUndoTests
		SccLocalPath2 = MonitoredUndoTests
		SccProjectUniqueName3 = WpfUndoSample\\WpfUndoSample.csproj
		SccProjectName3 = WpfUndoSample
		SccLocalPath3 = WpfUndoSample
	EndGlobalSection
	GlobalSection(TestCaseManagementSettings) = postSolution
		CategoryFile = Monitored Undo Framework.vsmdi
	EndGlobalSection
	GlobalSection(SolutionConfigurationPlatforms) = preSolution
		Debug|Any CPU = Debug|Any CPU
		Debug|Mixed Platforms = Debug|Mixed Platforms
		Debug|x86 = Debug|x86
		Release|Any CPU = Release|Any CPU
		Release|Mixed Platforms = Release|Mixed Platforms
		Release|x86 = Release|x86
	EndGlobalSection
	GlobalSection(ProjectConfigurationPlatforms) = postSolution
		{FF127A9A-BACB-4BC3-99DE-9F80275A06D4}.Debug|Any CPU.ActiveCfg = Debug|Any CPU
		{FF127A9A-BACB-4BC3-99DE-9F80275A06D4}.Debug|Any CPU.Build.0 = Debug|Any CPU
		{FF127A9A-BACB-4BC3-99DE-9F80275A06D4}.Debug|Mixed Platforms.ActiveCfg = Debug|Any CPU
		{FF127A9A-BACB-4BC3-99DE-9F80275A06D4}.Debug|Mixed Platforms.Build.0 = Debug|Any CPU
		{FF127A9A-BACB-4BC3-99DE-9F80275A06D4}.Debug|x86.ActiveCfg = Debug|Any CPU
		{FF127A9A-BACB-4BC3-99DE-9F80275A06D4}.Release|Any CPU.ActiveCfg = Release|Any CPU
		{FF127A9A-BACB-4BC3-99DE-9F80275A06D4}.Release|Any CPU.Build.0 = Release|Any CPU
		{FF127A9A-BACB-4BC3-99DE-9F80275A06D4}.Release|Mixed Platforms.ActiveCfg = Release|Any CPU
		{FF127A9A-BACB-4BC3-99DE-9F80275A06D4}.Release|Mixed Platforms.Build.0 = Release|Any CPU
		{FF127A9A-BACB-4BC3-99DE-9F80275A06D4}.Release|x86.ActiveCfg = Release|Any CPU
		{876B42D2-67E8-45B5-886C-9AB8C75E76C4}.Debug|Any CPU.ActiveCfg = Debug|Any CPU
		{876B42D2-67E8-45B5-886C-9AB8C75E76C4}.Debug|Any CPU.Build.0 = Debug|Any CPU
		{876B42D2-67E8-45B5-886C-9AB8C75E76C4}.Debug|Mixed Platforms.ActiveCfg = Debug|Any CPU
		{876B42D2-67E8-45B5-886C-9AB8C75E76C4}.Debug|Mixed Platforms.Build.0 = Debug|Any CPU
		{876B42D2-67E8-45B5-886C-9AB8C75E76C4}.Debug|x86.ActiveCfg = Debug|Any CPU
		{876B42D2-67E8-45B5-886C-9AB8C75E76C4}.Release|Any CPU.ActiveCfg = Release|Any CPU
		{876B42D2-67E8-45B5-886C-9AB8C75E76C4}.Release|Any CPU.Build.0 = Release|Any CPU
		{876B42D2-67E8-45B5-886C-9AB8C75E76C4}.Release|Mixed Platforms.ActiveCfg = Release|Any CPU
		{876B42D2-67E8-45B5-886C-9AB8C75E76C4}.Release|Mixed Platforms.Build.0 = Release|Any CPU
		{876B42D2-67E8-45B5-886C-9AB8C75E76C4}.Release|x86.ActiveCfg = Release|Any CPU
		{5AF2EE5C-BE23-49A6-A850-FE04BB0DAF6D}.Debug|Any CPU.ActiveCfg = Debug|x86
		{5AF2EE5C-BE23-49A6-A850-FE04BB0DAF6D}.Debug|Mixed Platforms.ActiveCfg = Debug|x86
		{5AF2EE5C-BE23-49A6-A850-FE04BB0DAF6D}.Debug|Mixed Platforms.Build.0 = Debug|x86
		{5AF2EE5C-BE23-49A6-A850-FE04BB0DAF6D}.Debug|x86.ActiveCfg = Debug|x86
		{5AF2EE5C-BE23-49A6-A850-FE04BB0DAF6D}.Debug|x86.Build.0 = Debug|x86
		{5AF2EE5C-BE23-49A6-A850-FE04BB0DAF6D}.Release|Any CPU.ActiveCfg = Release|x86
		{5AF2EE5C-BE23-49A6-A850-FE04BB0DAF6D}.Release|Mixed Platforms.ActiveCfg = Release|x86
		{5AF2EE5C-BE23-49A6-A850-FE04BB0DAF6D}.Release|Mixed Platforms.Build.0 = Release|x86
		{5AF2EE5C-BE23-49A6-A850-FE04BB0DAF6D}.Release|x86.ActiveCfg = Release|x86
		{5AF2EE5C-BE23-49A6-A850-FE04BB0DAF6D}.Release|x86.Build.0 = Release|x86
	EndGlobalSection
	GlobalSection(SolutionProperties) = preSolution
		HideSolutionNode = FALSE
	EndGlobalSection
EndGlobal
